
Microsoft Visual Studio Solution File, Format Version 12.00
# Visual Studio Version 16
VisualStudioVersion = 16.0.30611.23
MinimumVisualStudioVersion = 10.0.40219.1
Project("{FAE04EC0-301F-11D3-BF4B-00C04F79EFBC}") = "GLP_HT20_P2_Nim", "GLP_HT20_P2_Nim.csproj", "{2EC60797-FA57-453E-BA01-3B146BF4B5D5}"
EndProject
Global
	GlobalSection(SolutionConfigurationPlatforms) = preSolution
		Debug|Any CPU = Debug|Any CPU
		Release|Any CPU = Release|Any CPU
	EndGlobalSection
	GlobalSection(ProjectConfigurationPlatforms) = postSolution
		{2EC60797-FA57-453E-BA01-3B146BF4B5D5}.Debug|Any CPU.ActiveCfg = Debug|Any CPU
		{2EC60797-FA57-453E-BA01-3B146BF4B5D5}.Debug|Any CPU.Build.0 = Debug|Any CPU
		{2EC60797-FA57-453E-BA01-3B146BF4B5D5}.Release|Any CPU.ActiveCfg = Release|Any CPU
		{2EC60797-FA57-453E-BA01-3B146BF4B5D5}.Release|Any CPU.Build.0 = Release|Any CPU
	EndGlobalSection
	GlobalSection(SolutionProperties) = preSolution
		HideSolutionNode = FALSE
	EndGlobalSection
	GlobalSection(ExtensibilityGlobals) = postSolution
		SolutionGuid = {BC5FED4A-6B87-4AD3-820B-8703A358404B}
	EndGlobalSection
EndGlobal
